
Microsoft Visual Studio Solution File, Format Version 12.00
# Visual Studio Version 17
VisualStudioVersion = 17.0.32014.148
MinimumVisualStudioVersion = 10.0.40219.1
Project("{FAE04EC0-301F-11D3-BF4B-00C04F79EFBC}") = "ANotes", "Notes\ANotes.csproj", "{C124D934-C0CE-45C6-AC82-93D3EF65782E}"
EndProject
Project("{FAE04EC0-301F-11D3-BF4B-00C04F79EFBC}") = "DataLayer", "DataLayer\DataLayer.csproj", "{C917ECB3-77EA-42FE-85FB-FFD3BAA24BF1}"
EndProject
Global
	GlobalSection(SolutionConfigurationPlatforms) = preSolution
		Debug|Any CPU = Debug|Any CPU
		Release|Any CPU = Release|Any CPU
	EndGlobalSection
	GlobalSection(ProjectConfigurationPlatforms) = postSolution
		{C124D934-C0CE-45C6-AC82-93D3EF65782E}.Debug|Any CPU.ActiveCfg = Debug|Any CPU
		{C124D934-C0CE-45C6-AC82-93D3EF65782E}.Debug|Any CPU.Build.0 = Debug|Any CPU
		{C124D934-C0CE-45C6-AC82-93D3EF65782E}.Release|Any CPU.ActiveCfg = Release|Any CPU
		{C124D934-C0CE-45C6-AC82-93D3EF65782E}.Release|Any CPU.Build.0 = Release|Any CPU
		{C917ECB3-77EA-42FE-85FB-FFD3BAA24BF1}.Debug|Any CPU.ActiveCfg = Debug|Any CPU
		{C917ECB3-77EA-42FE-85FB-FFD3BAA24BF1}.Debug|Any CPU.Build.0 = Debug|Any CPU
		{C917ECB3-77EA-42FE-85FB-FFD3BAA24BF1}.Release|Any CPU.ActiveCfg = Release|Any CPU
		{C917ECB3-77EA-42FE-85FB-FFD3BAA24BF1}.Release|Any CPU.Build.0 = Release|Any CPU
	EndGlobalSection
	GlobalSection(SolutionProperties) = preSolution
		HideSolutionNode = FALSE
	EndGlobalSection
	GlobalSection(ExtensibilityGlobals) = postSolution
		SolutionGuid = {05F2D21A-2CF4-456C-9312-C02BF0D57E6F}
	EndGlobalSection
EndGlobal
